
Microsoft Visual Studio Solution File, Format Version 12.00
# Visual Studio 15
VisualStudioVersion = 15.0.26730.16
MinimumVisualStudioVersion = 10.0.40219.1
Project("{FAE04EC0-301F-11D3-BF4B-00C04F79EFBC}") = "AspNetSecurityIntro", "AspNetSecurityIntro\AspNetSecurityIntro.csproj", "{CD990465-419C-43B4-A53D-4F33AF12E8DB}"
EndProject
Project("{FAE04EC0-301F-11D3-BF4B-00C04F79EFBC}") = "ResourceServer", "ResourceServer\ResourceServer.csproj", "{36F290FC-4AEC-4E77-A38D-DB471F0317E1}"
EndProject
Global
	GlobalSection(SolutionConfigurationPlatforms) = preSolution
		Debug|Any CPU = Debug|Any CPU
		Release|Any CPU = Release|Any CPU
	EndGlobalSection
	GlobalSection(ProjectConfigurationPlatforms) = postSolution
		{CD990465-419C-43B4-A53D-4F33AF12E8DB}.Debug|Any CPU.ActiveCfg = Debug|Any CPU
		{CD990465-419C-43B4-A53D-4F33AF12E8DB}.Debug|Any CPU.Build.0 = Debug|Any CPU
		{CD990465-419C-43B4-A53D-4F33AF12E8DB}.Release|Any CPU.ActiveCfg = Release|Any CPU
		{CD990465-419C-43B4-A53D-4F33AF12E8DB}.Release|Any CPU.Build.0 = Release|Any CPU
		{36F290FC-4AEC-4E77-A38D-DB471F0317E1}.Debug|Any CPU.ActiveCfg = Debug|Any CPU
		{36F290FC-4AEC-4E77-A38D-DB471F0317E1}.Debug|Any CPU.Build.0 = Debug|Any CPU
		{36F290FC-4AEC-4E77-A38D-DB471F0317E1}.Release|Any CPU.ActiveCfg = Release|Any CPU
		{36F290FC-4AEC-4E77-A38D-DB471F0317E1}.Release|Any CPU.Build.0 = Release|Any CPU
	EndGlobalSection
	GlobalSection(SolutionProperties) = preSolution
		HideSolutionNode = FALSE
	EndGlobalSection
	GlobalSection(ExtensibilityGlobals) = postSolution
		SolutionGuid = {75DCF748-4358-49D1-A507-6718D6CE29FB}
	EndGlobalSection
EndGlobal
